// !$*UTF8*$!
{
	archiveVersion = 1;
	classes = {
	};
	objectVersion = 50;
	objects = {

/* Begin PBXBuildFile section */
		3E36CB0921683DEA0023C5F0 /* AppDelegate.swift in Sources */ = {isa = PBXBuildFile; fileRef = 3E36CB0821683DEA0023C5F0 /* AppDelegate.swift */; };
		3E36CB0B21683DEB0023C5F0 /* Assets.xcassets in Resources */ = {isa = PBXBuildFile; fileRef = 3E36CB0A21683DEB0023C5F0 /* Assets.xcassets */; };
		3E36CB0E21683DEB0023C5F0 /* LaunchScreen.storyboard in Resources */ = {isa = PBXBuildFile; fileRef = 3E36CB0C21683DEB0023C5F0 /* LaunchScreen.storyboard */; };
		3E36CB1F21683F280023C5F0 /* MapView.storyboard in Resources */ = {isa = PBXBuildFile; fileRef = 3E36CB1E21683F280023C5F0 /* MapView.storyboard */; };
		3E36CB2121683F6C0023C5F0 /* LoadingScreen.storyboard in Resources */ = {isa = PBXBuildFile; fileRef = 3E36CB2021683F6C0023C5F0 /* LoadingScreen.storyboard */; };
		3E36CB2321683F860023C5F0 /* UserProfile.storyboard in Resources */ = {isa = PBXBuildFile; fileRef = 3E36CB2221683F860023C5F0 /* UserProfile.storyboard */; };
		3E36CB2521683FB50023C5F0 /* DateFormatter.swift in Sources */ = {isa = PBXBuildFile; fileRef = 3E36CB2421683FB50023C5F0 /* DateFormatter.swift */; };
		3E36CB2B216840160023C5F0 /* MapKit.framework in Frameworks */ = {isa = PBXBuildFile; fileRef = 3E36CB2A216840160023C5F0 /* MapKit.framework */; };
		7E2AE161216BCED00089A213 /* GoogleService-Info.plist in Resources */ = {isa = PBXBuildFile; fileRef = 7E2AE160216BCECF0089A213 /* GoogleService-Info.plist */; };
		F519D655AE5393965146DEDC /* Pods_Lighthouse.framework in Frameworks */ = {isa = PBXBuildFile; fileRef = C80FF7E5B8E1A6F7BB1F3AB9 /* Pods_Lighthouse.framework */; };
/* End PBXBuildFile section */

/* Begin PBXFileReference section */
		3E36CAF621683DEA0023C5F0 /* Lighthouse.app */ = {isa = PBXFileReference; explicitFileType = wrapper.application; includeInIndex = 0; path = Lighthouse.app; sourceTree = BUILT_PRODUCTS_DIR; };
		3E36CB0821683DEA0023C5F0 /* AppDelegate.swift */ = {isa = PBXFileReference; lastKnownFileType = sourcecode.swift; path = AppDelegate.swift; sourceTree = "<group>"; };
		3E36CB0A21683DEB0023C5F0 /* Assets.xcassets */ = {isa = PBXFileReference; lastKnownFileType = folder.assetcatalog; path = Assets.xcassets; sourceTree = "<group>"; };
		3E36CB0D21683DEB0023C5F0 /* Base */ = {isa = PBXFileReference; lastKnownFileType = file.storyboard; name = Base; path = Base.lproj/LaunchScreen.storyboard; sourceTree = "<group>"; };
		3E36CB0F21683DEB0023C5F0 /* Info.plist */ = {isa = PBXFileReference; lastKnownFileType = text.plist.xml; path = Info.plist; sourceTree = "<group>"; };
		3E36CB1E21683F280023C5F0 /* MapView.storyboard */ = {isa = PBXFileReference; lastKnownFileType = file.storyboard; path = MapView.storyboard; sourceTree = "<group>"; };
		3E36CB2021683F6C0023C5F0 /* LoadingScreen.storyboard */ = {isa = PBXFileReference; lastKnownFileType = file.storyboard; path = LoadingScreen.storyboard; sourceTree = "<group>"; };
		3E36CB2221683F860023C5F0 /* UserProfile.storyboard */ = {isa = PBXFileReference; lastKnownFileType = file.storyboard; path = UserProfile.storyboard; sourceTree = "<group>"; };
		3E36CB2421683FB50023C5F0 /* DateFormatter.swift */ = {isa = PBXFileReference; lastKnownFileType = sourcecode.swift; path = DateFormatter.swift; sourceTree = "<group>"; };
		3E36CB2621683FF40023C5F0 /* Lighthouse.entitlements */ = {isa = PBXFileReference; lastKnownFileType = text.plist.entitlements; path = Lighthouse.entitlements; sourceTree = "<group>"; };
		3E36CB2A216840160023C5F0 /* MapKit.framework */ = {isa = PBXFileReference; lastKnownFileType = wrapper.framework; name = MapKit.framework; path = System/Library/Frameworks/MapKit.framework; sourceTree = SDKROOT; };
		53078FA5FEADE27A2157DE94 /* Pods-Lighthouse.release.xcconfig */ = {isa = PBXFileReference; includeInIndex = 1; lastKnownFileType = text.xcconfig; name = "Pods-Lighthouse.release.xcconfig"; path = "Pods/Target Support Files/Pods-Lighthouse/Pods-Lighthouse.release.xcconfig"; sourceTree = "<group>"; };
		7E2AE160216BCECF0089A213 /* GoogleService-Info.plist */ = {isa = PBXFileReference; fileEncoding = 4; lastKnownFileType = text.plist.xml; path = "GoogleService-Info.plist"; sourceTree = "<group>"; };
		A92C93213E01DDAD42100EFE /* Pods-Lighthouse.debug.xcconfig */ = {isa = PBXFileReference; includeInIndex = 1; lastKnownFileType = text.xcconfig; name = "Pods-Lighthouse.debug.xcconfig"; path = "Pods/Target Support Files/Pods-Lighthouse/Pods-Lighthouse.debug.xcconfig"; sourceTree = "<group>"; };
		C80FF7E5B8E1A6F7BB1F3AB9 /* Pods_Lighthouse.framework */ = {isa = PBXFileReference; explicitFileType = wrapper.framework; includeInIndex = 0; path = Pods_Lighthouse.framework; sourceTree = BUILT_PRODUCTS_DIR; };
/* End PBXFileReference section */

/* Begin PBXFrameworksBuildPhase section */
		3E36CAF321683DEA0023C5F0 /* Frameworks */ = {
			isa = PBXFrameworksBuildPhase;
			buildActionMask = 2147483647;
			files = (
				3E36CB2B216840160023C5F0 /* MapKit.framework in Frameworks */,
				F519D655AE5393965146DEDC /* Pods_Lighthouse.framework in Frameworks */,
			);
			runOnlyForDeploymentPostprocessing = 0;
		};
/* End PBXFrameworksBuildPhase section */

/* Begin PBXGroup section */
		1E7ABB140E175E3E68C3A56D /* Pods */ = {
			isa = PBXGroup;
			children = (
				A92C93213E01DDAD42100EFE /* Pods-Lighthouse.debug.xcconfig */,
				53078FA5FEADE27A2157DE94 /* Pods-Lighthouse.release.xcconfig */,
			);
			name = Pods;
			sourceTree = "<group>";
		};
		3E36CAED21683DEA0023C5F0 = {
			isa = PBXGroup;
			children = (
				3E36CAF821683DEA0023C5F0 /* Lighthouse */,
				3E36CAF721683DEA0023C5F0 /* Products */,
				3E36CB272168400B0023C5F0 /* Frameworks */,
				1E7ABB140E175E3E68C3A56D /* Pods */,
			);
			sourceTree = "<group>";
		};
		3E36CAF721683DEA0023C5F0 /* Products */ = {
			isa = PBXGroup;
			children = (
				3E36CAF621683DEA0023C5F0 /* Lighthouse.app */,
			);
			name = Products;
			sourceTree = "<group>";
		};
		3E36CAF821683DEA0023C5F0 /* Lighthouse */ = {
			isa = PBXGroup;
			children = (
				3E36CB2621683FF40023C5F0 /* Lighthouse.entitlements */,
				3E36CAF921683DEA0023C5F0 /* Models */,
				3E36CAFC21683DEA0023C5F0 /* Controllers */,
				3E36CB0321683DEA0023C5F0 /* Views */,
				3E36CB1B21683E8B0023C5F0 /* Services */,
				3E36CB0721683DEA0023C5F0 /* Resources */,
				3E36CB1721683E370023C5F0 /* Supporting Files */,
			);
			path = Lighthouse;
			sourceTree = "<group>";
		};
		3E36CAF921683DEA0023C5F0 /* Models */ = {
			isa = PBXGroup;
			children = (
			);
			name = Models;
			sourceTree = "<group>";
		};
		3E36CAFC21683DEA0023C5F0 /* Controllers */ = {
			isa = PBXGroup;
			children = (
				3E36CAFD21683DEA0023C5F0 /* Model Controllers */,
				3E36CB0021683DEA0023C5F0 /* View Controllers */,
			);
			name = Controllers;
			sourceTree = "<group>";
		};
		3E36CAFD21683DEA0023C5F0 /* Model Controllers */ = {
			isa = PBXGroup;
			children = (
			);
			name = "Model Controllers";
			sourceTree = "<group>";
		};
		3E36CB0021683DEA0023C5F0 /* View Controllers */ = {
			isa = PBXGroup;
			children = (
			);
			name = "View Controllers";
			sourceTree = "<group>";
		};
		3E36CB0321683DEA0023C5F0 /* Views */ = {
			isa = PBXGroup;
			children = (
				3E36CB1521683E120023C5F0 /* StoryBoards */,
				3E36CB1621683E210023C5F0 /* Custom */,
			);
			name = Views;
			sourceTree = "<group>";
		};
		3E36CB0721683DEA0023C5F0 /* Resources */ = {
			isa = PBXGroup;
			children = (
				3E36CB1A21683E7E0023C5F0 /* Helpers */,
				3E36CB1921683E680023C5F0 /* Constants */,
				3E36CB1821683E620023C5F0 /* Extensions */,
				3E36CB0A21683DEB0023C5F0 /* Assets.xcassets */,
			);
			name = Resources;
			sourceTree = "<group>";
		};
		3E36CB1521683E120023C5F0 /* StoryBoards */ = {
			isa = PBXGroup;
			children = (
				3E36CB0C21683DEB0023C5F0 /* LaunchScreen.storyboard */,
				3E36CB2021683F6C0023C5F0 /* LoadingScreen.storyboard */,
				3E36CB1E21683F280023C5F0 /* MapView.storyboard */,
				3E36CB2221683F860023C5F0 /* UserProfile.storyboard */,
			);
			name = StoryBoards;
			sourceTree = "<group>";
		};
		3E36CB1621683E210023C5F0 /* Custom */ = {
			isa = PBXGroup;
			children = (
			);
			name = Custom;
			sourceTree = "<group>";
		};
		3E36CB1721683E370023C5F0 /* Supporting Files */ = {
			isa = PBXGroup;
			children = (
				3E36CB0F21683DEB0023C5F0 /* Info.plist */,
				7E2AE160216BCECF0089A213 /* GoogleService-Info.plist */,
				3E36CB0821683DEA0023C5F0 /* AppDelegate.swift */,
			);
			name = "Supporting Files";
			sourceTree = "<group>";
		};
		3E36CB1821683E620023C5F0 /* Extensions */ = {
			isa = PBXGroup;
			children = (
				3E36CB2421683FB50023C5F0 /* DateFormatter.swift */,
			);
			name = Extensions;
			sourceTree = "<group>";
		};
		3E36CB1921683E680023C5F0 /* Constants */ = {
			isa = PBXGroup;
			children = (
			);
			name = Constants;
			sourceTree = "<group>";
		};
		3E36CB1A21683E7E0023C5F0 /* Helpers */ = {
			isa = PBXGroup;
			children = (
			);
			name = Helpers;
			sourceTree = "<group>";
		};
		3E36CB1B21683E8B0023C5F0 /* Services */ = {
			isa = PBXGroup;
			children = (
			);
			name = Services;
			sourceTree = "<group>";
		};
		3E36CB272168400B0023C5F0 /* Frameworks */ = {
			isa = PBXGroup;
			children = (
				3E36CB2A216840160023C5F0 /* MapKit.framework */,
				C80FF7E5B8E1A6F7BB1F3AB9 /* Pods_Lighthouse.framework */,
			);
			name = Frameworks;
			sourceTree = "<group>";
		};
/* End PBXGroup section */

/* Begin PBXNativeTarget section */
		3E36CAF521683DEA0023C5F0 /* Lighthouse */ = {
			isa = PBXNativeTarget;
			buildConfigurationList = 3E36CB1221683DEB0023C5F0 /* Build configuration list for PBXNativeTarget "Lighthouse" */;
			buildPhases = (
				B67DDA56E0B12FD89118CABD /* [CP] Check Pods Manifest.lock */,
				3E36CAF221683DEA0023C5F0 /* Sources */,
				3E36CAF321683DEA0023C5F0 /* Frameworks */,
				3E36CAF421683DEA0023C5F0 /* Resources */,
				3E36CB2C216840560023C5F0 /* Build Number Incrementer */,
				F845FFBD0A142FE4860F8D03 /* [CP] Embed Pods Frameworks */,
			);
			buildRules = (
			);
			dependencies = (
			);
			name = Lighthouse;
			productName = Lighthouse;
			productReference = 3E36CAF621683DEA0023C5F0 /* Lighthouse.app */;
			productType = "com.apple.product-type.application";
		};
/* End PBXNativeTarget section */

/* Begin PBXProject section */
		3E36CAEE21683DEA0023C5F0 /* Project object */ = {
			isa = PBXProject;
			attributes = {
				LastSwiftUpdateCheck = 1000;
				LastUpgradeCheck = 1000;
				ORGANIZATIONNAME = Lighthouse;
				TargetAttributes = {
					3E36CAF521683DEA0023C5F0 = {
						CreatedOnToolsVersion = 10.0;
						SystemCapabilities = {
							com.apple.BackgroundModes = {
								enabled = 1;
							};
							com.apple.InAppPurchase = {
								enabled = 0;
							};
							com.apple.Maps.iOS = {
								enabled = 1;
							};
							com.apple.Push = {
								enabled = 1;
							};
						};
					};
				};
			};
			buildConfigurationList = 3E36CAF121683DEA0023C5F0 /* Build configuration list for PBXProject ".Lighthouse" */;
			compatibilityVersion = "Xcode 9.3";
			developmentRegion = en;
			hasScannedForEncodings = 0;
			knownRegions = (
				en,
				Base,
			);
			mainGroup = 3E36CAED21683DEA0023C5F0;
			productRefGroup = 3E36CAF721683DEA0023C5F0 /* Products */;
			projectDirPath = "";
			projectRoot = "";
			targets = (
				3E36CAF521683DEA0023C5F0 /* Lighthouse */,
			);
		};
/* End PBXProject section */

/* Begin PBXResourcesBuildPhase section */
		3E36CAF421683DEA0023C5F0 /* Resources */ = {
			isa = PBXResourcesBuildPhase;
			buildActionMask = 2147483647;
			files = (
				3E36CB0E21683DEB0023C5F0 /* LaunchScreen.storyboard in Resources */,
				3E36CB2121683F6C0023C5F0 /* LoadingScreen.storyboard in Resources */,
				7E2AE161216BCED00089A213 /* GoogleService-Info.plist in Resources */,
				3E36CB0B21683DEB0023C5F0 /* Assets.xcassets in Resources */,
				3E36CB1F21683F280023C5F0 /* MapView.storyboard in Resources */,
				3E36CB2321683F860023C5F0 /* UserProfile.storyboard in Resources */,
			);
			runOnlyForDeploymentPostprocessing = 0;
		};
/* End PBXResourcesBuildPhase section */

/* Begin PBXShellScriptBuildPhase section */
		3E36CB2C216840560023C5F0 /* Build Number Incrementer */ = {
			isa = PBXShellScriptBuildPhase;
			buildActionMask = 2147483647;
			files = (
			);
			inputFileListPaths = (
			);
			inputPaths = (
			);
			name = "Build Number Incrementer";
			outputFileListPaths = (
			);
			outputPaths = (
			);
			runOnlyForDeploymentPostprocessing = 0;
			shellPath = /bin/sh;
			shellScript = "buildNumber=$(/usr/libexec/PlistBuddy -c \"Print CFBundleVersion\" \"$INFOPLIST_FILE\")\nbuildNumber=$(($buildNumber + 1))\n/usr/libexec/PlistBuddy -c \"Set :CFBundleVersion $buildNumber\" \"$INFOPLIST_FILE\"\n";
		};
		B67DDA56E0B12FD89118CABD /* [CP] Check Pods Manifest.lock */ = {
			isa = PBXShellScriptBuildPhase;
			buildActionMask = 2147483647;
			files = (
			);
			inputFileListPaths = (
			);
			inputPaths = (
				"${PODS_PODFILE_DIR_PATH}/Podfile.lock",
				"${PODS_ROOT}/Manifest.lock",
			);
			name = "[CP] Check Pods Manifest.lock";
			outputFileListPaths = (
			);
			outputPaths = (
				"$(DERIVED_FILE_DIR)/Pods-Lighthouse-checkManifestLockResult.txt",
			);
			runOnlyForDeploymentPostprocessing = 0;
			shellPath = /bin/sh;
			shellScript = "diff \"${PODS_PODFILE_DIR_PATH}/Podfile.lock\" \"${PODS_ROOT}/Manifest.lock\" > /dev/null\nif [ $? != 0 ] ; then\n    # print error to STDERR\n    echo \"error: The sandbox is not in sync with the Podfile.lock. Run 'pod install' or update your CocoaPods installation.\" >&2\n    exit 1\nfi\n# This output is used by Xcode 'outputs' to avoid re-running this script phase.\necho \"SUCCESS\" > \"${SCRIPT_OUTPUT_FILE_0}\"\n";
			showEnvVarsInLog = 0;
		};
		F845FFBD0A142FE4860F8D03 /* [CP] Embed Pods Frameworks */ = {
			isa = PBXShellScriptBuildPhase;
			buildActionMask = 2147483647;
			files = (
			);
			inputFileListPaths = (
			);
			inputPaths = (
				"${SRCROOT}/Pods/Target Support Files/Pods-Lighthouse/Pods-Lighthouse-frameworks.sh",
				"${BUILT_PRODUCTS_DIR}/BoringSSL/openssl.framework",
				"${BUILT_PRODUCTS_DIR}/FoursquareAPIClient/FoursquareAPIClient.framework",
				"${BUILT_PRODUCTS_DIR}/GTMSessionFetcher/GTMSessionFetcher.framework",
				"${BUILT_PRODUCTS_DIR}/GoogleUtilities/GoogleUtilities.framework",
				"${BUILT_PRODUCTS_DIR}/Protobuf/Protobuf.framework",
				"${BUILT_PRODUCTS_DIR}/gRPC/GRPCClient.framework",
				"${BUILT_PRODUCTS_DIR}/gRPC-C++/grpcpp.framework",
				"${BUILT_PRODUCTS_DIR}/gRPC-Core/grpc.framework",
				"${BUILT_PRODUCTS_DIR}/gRPC-ProtoRPC/ProtoRPC.framework",
				"${BUILT_PRODUCTS_DIR}/gRPC-RxLibrary/RxLibrary.framework",
				"${BUILT_PRODUCTS_DIR}/leveldb-library/leveldb.framework",
				"${BUILT_PRODUCTS_DIR}/nanopb/nanopb.framework",
			);
			name = "[CP] Embed Pods Frameworks";
			outputFileListPaths = (
			);
			outputPaths = (
				"${TARGET_BUILD_DIR}/${FRAMEWORKS_FOLDER_PATH}/openssl.framework",
				"${TARGET_BUILD_DIR}/${FRAMEWORKS_FOLDER_PATH}/FoursquareAPIClient.framework",
				"${TARGET_BUILD_DIR}/${FRAMEWORKS_FOLDER_PATH}/GTMSessionFetcher.framework",
				"${TARGET_BUILD_DIR}/${FRAMEWORKS_FOLDER_PATH}/GoogleUtilities.framework",
				"${TARGET_BUILD_DIR}/${FRAMEWORKS_FOLDER_PATH}/Protobuf.framework",
				"${TARGET_BUILD_DIR}/${FRAMEWORKS_FOLDER_PATH}/GRPCClient.framework",
				"${TARGET_BUILD_DIR}/${FRAMEWORKS_FOLDER_PATH}/grpcpp.framework",
				"${TARGET_BUILD_DIR}/${FRAMEWORKS_FOLDER_PATH}/grpc.framework",
				"${TARGET_BUILD_DIR}/${FRAMEWORKS_FOLDER_PATH}/ProtoRPC.framework",
				"${TARGET_BUILD_DIR}/${FRAMEWORKS_FOLDER_PATH}/RxLibrary.framework",
				"${TARGET_BUILD_DIR}/${FRAMEWORKS_FOLDER_PATH}/leveldb.framework",
				"${TARGET_BUILD_DIR}/${FRAMEWORKS_FOLDER_PATH}/nanopb.framework",
			);
			runOnlyForDeploymentPostprocessing = 0;
			shellPath = /bin/sh;
			shellScript = "\"${SRCROOT}/Pods/Target Support Files/Pods-Lighthouse/Pods-Lighthouse-frameworks.sh\"\n";
			showEnvVarsInLog = 0;
		};
/* End PBXShellScriptBuildPhase section */

/* Begin PBXSourcesBuildPhase section */
		3E36CAF221683DEA0023C5F0 /* Sources */ = {
			isa = PBXSourcesBuildPhase;
			buildActionMask = 2147483647;
			files = (
				3E36CB2521683FB50023C5F0 /* DateFormatter.swift in Sources */,
				3E36CB0921683DEA0023C5F0 /* AppDelegate.swift in Sources */,
			);
			runOnlyForDeploymentPostprocessing = 0;
		};
/* End PBXSourcesBuildPhase section */

/* Begin PBXVariantGroup section */
		3E36CB0C21683DEB0023C5F0 /* LaunchScreen.storyboard */ = {
			isa = PBXVariantGroup;
			children = (
				3E36CB0D21683DEB0023C5F0 /* Base */,
			);
			name = LaunchScreen.storyboard;
			sourceTree = "<group>";
		};
/* End PBXVariantGroup section */

/* Begin XCBuildConfiguration section */
		3E36CB1021683DEB0023C5F0 /* Debug */ = {
			isa = XCBuildConfiguration;
			buildSettings = {
				ALWAYS_SEARCH_USER_PATHS = NO;
				CLANG_ANALYZER_NONNULL = YES;
				CLANG_ANALYZER_NUMBER_OBJECT_CONVERSION = YES_AGGRESSIVE;
				CLANG_CXX_LANGUAGE_STANDARD = "gnu++14";
				CLANG_CXX_LIBRARY = "libc++";
				CLANG_ENABLE_MODULES = YES;
				CLANG_ENABLE_OBJC_ARC = YES;
				CLANG_ENABLE_OBJC_WEAK = YES;
				CLANG_WARN_BLOCK_CAPTURE_AUTORELEASING = YES;
				CLANG_WARN_BOOL_CONVERSION = YES;
				CLANG_WARN_COMMA = YES;
				CLANG_WARN_CONSTANT_CONVERSION = YES;
				CLANG_WARN_DEPRECATED_OBJC_IMPLEMENTATIONS = YES;
				CLANG_WARN_DIRECT_OBJC_ISA_USAGE = YES_ERROR;
				CLANG_WARN_DOCUMENTATION_COMMENTS = YES;
				CLANG_WARN_EMPTY_BODY = YES;
				CLANG_WARN_ENUM_CONVERSION = YES;
				CLANG_WARN_INFINITE_RECURSION = YES;
				CLANG_WARN_INT_CONVERSION = YES;
				CLANG_WARN_NON_LITERAL_NULL_CONVERSION = YES;
				CLANG_WARN_OBJC_IMPLICIT_RETAIN_SELF = YES;
				CLANG_WARN_OBJC_LITERAL_CONVERSION = YES;
				CLANG_WARN_OBJC_ROOT_CLASS = YES_ERROR;
				CLANG_WARN_RANGE_LOOP_ANALYSIS = YES;
				CLANG_WARN_STRICT_PROTOTYPES = YES;
				CLANG_WARN_SUSPICIOUS_MOVE = YES;
				CLANG_WARN_UNGUARDED_AVAILABILITY = YES_AGGRESSIVE;
				CLANG_WARN_UNREACHABLE_CODE = YES;
				CLANG_WARN__DUPLICATE_METHOD_MATCH = YES;
				CODE_SIGN_IDENTITY = "iPhone Developer";
				COPY_PHASE_STRIP = NO;
				DEBUG_INFORMATION_FORMAT = dwarf;
				ENABLE_STRICT_OBJC_MSGSEND = YES;
				ENABLE_TESTABILITY = YES;
				GCC_C_LANGUAGE_STANDARD = gnu11;
				GCC_DYNAMIC_NO_PIC = NO;
				GCC_NO_COMMON_BLOCKS = YES;
				GCC_OPTIMIZATION_LEVEL = 0;
				GCC_PREPROCESSOR_DEFINITIONS = (
					"DEBUG=1",
					"$(inherited)",
				);
				GCC_WARN_64_TO_32_BIT_CONVERSION = YES;
				GCC_WARN_ABOUT_RETURN_TYPE = YES_ERROR;
				GCC_WARN_UNDECLARED_SELECTOR = YES;
				GCC_WARN_UNINITIALIZED_AUTOS = YES_AGGRESSIVE;
				GCC_WARN_UNUSED_FUNCTION = YES;
				GCC_WARN_UNUSED_VARIABLE = YES;
				IPHONEOS_DEPLOYMENT_TARGET = 12.0;
				MTL_ENABLE_DEBUG_INFO = INCLUDE_SOURCE;
				MTL_FAST_MATH = YES;
				ONLY_ACTIVE_ARCH = YES;
				SDKROOT = iphoneos;
				SWIFT_ACTIVE_COMPILATION_CONDITIONS = DEBUG;
				SWIFT_OPTIMIZATION_LEVEL = "-Onone";
			};
			name = Debug;
		};
		3E36CB1121683DEB0023C5F0 /* Release */ = {
			isa = XCBuildConfiguration;
			buildSettings = {
				ALWAYS_SEARCH_USER_PATHS = NO;
				CLANG_ANALYZER_NONNULL = YES;
				CLANG_ANALYZER_NUMBER_OBJECT_CONVERSION = YES_AGGRESSIVE;
				CLANG_CXX_LANGUAGE_STANDARD = "gnu++14";
				CLANG_CXX_LIBRARY = "libc++";
				CLANG_ENABLE_MODULES = YES;
				CLANG_ENABLE_OBJC_ARC = YES;
				CLANG_ENABLE_OBJC_WEAK = YES;
				CLANG_WARN_BLOCK_CAPTURE_AUTORELEASING = YES;
				CLANG_WARN_BOOL_CONVERSION = YES;
				CLANG_WARN_COMMA = YES;
				CLANG_WARN_CONSTANT_CONVERSION = YES;
				CLANG_WARN_DEPRECATED_OBJC_IMPLEMENTATIONS = YES;
				CLANG_WARN_DIRECT_OBJC_ISA_USAGE = YES_ERROR;
				CLANG_WARN_DOCUMENTATION_COMMENTS = YES;
				CLANG_WARN_EMPTY_BODY = YES;
				CLANG_WARN_ENUM_CONVERSION = YES;
				CLANG_WARN_INFINITE_RECURSION = YES;
				CLANG_WARN_INT_CONVERSION = YES;
				CLANG_WARN_NON_LITERAL_NULL_CONVERSION = YES;
				CLANG_WARN_OBJC_IMPLICIT_RETAIN_SELF = YES;
				CLANG_WARN_OBJC_LITERAL_CONVERSION = YES;
				CLANG_WARN_OBJC_ROOT_CLASS = YES_ERROR;
				CLANG_WARN_RANGE_LOOP_ANALYSIS = YES;
				CLANG_WARN_STRICT_PROTOTYPES = YES;
				CLANG_WARN_SUSPICIOUS_MOVE = YES;
				CLANG_WARN_UNGUARDED_AVAILABILITY = YES_AGGRESSIVE;
				CLANG_WARN_UNREACHABLE_CODE = YES;
				CLANG_WARN__DUPLICATE_METHOD_MATCH = YES;
				CODE_SIGN_IDENTITY = "iPhone Developer";
				COPY_PHASE_STRIP = NO;
				DEBUG_INFORMATION_FORMAT = "dwarf-with-dsym";
				ENABLE_NS_ASSERTIONS = NO;
				ENABLE_STRICT_OBJC_MSGSEND = YES;
				GCC_C_LANGUAGE_STANDARD = gnu11;
				GCC_NO_COMMON_BLOCKS = YES;
				GCC_WARN_64_TO_32_BIT_CONVERSION = YES;
				GCC_WARN_ABOUT_RETURN_TYPE = YES_ERROR;
				GCC_WARN_UNDECLARED_SELECTOR = YES;
				GCC_WARN_UNINITIALIZED_AUTOS = YES_AGGRESSIVE;
				GCC_WARN_UNUSED_FUNCTION = YES;
				GCC_WARN_UNUSED_VARIABLE = YES;
				IPHONEOS_DEPLOYMENT_TARGET = 12.0;
				MTL_ENABLE_DEBUG_INFO = NO;
				MTL_FAST_MATH = YES;
				SDKROOT = iphoneos;
				SWIFT_COMPILATION_MODE = wholemodule;
				SWIFT_OPTIMIZATION_LEVEL = "-O";
				VALIDATE_PRODUCT = YES;
			};
			name = Release;
		};
		3E36CB1321683DEB0023C5F0 /* Debug */ = {
			isa = XCBuildConfiguration;
			baseConfigurationReference = A92C93213E01DDAD42100EFE /* Pods-Lighthouse.debug.xcconfig */;
			buildSettings = {
				ASSETCATALOG_COMPILER_APPICON_NAME = AppIcon;
				CODE_SIGN_ENTITLEMENTS = Lighthouse/Lighthouse.entitlements;
				CODE_SIGN_STYLE = Automatic;
				DEVELOPMENT_TEAM = ASRKL3D2BB;
				INFOPLIST_FILE = Lighthouse/Info.plist;
				IPHONEOS_DEPLOYMENT_TARGET = 11.4;
				LD_RUNPATH_SEARCH_PATHS = (
					"$(inherited)",
					"@executable_path/Frameworks",
				);
				PRODUCT_BUNDLE_IDENTIFIER = com.levilinchenko.lighthouse;
				PRODUCT_NAME = "$(TARGET_NAME)";
				SWIFT_VERSION = 4.2;
				TARGETED_DEVICE_FAMILY = 1;
			};
			name = Debug;
		};
		3E36CB1421683DEB0023C5F0 /* Release */ = {
			isa = XCBuildConfiguration;
			baseConfigurationReference = 53078FA5FEADE27A2157DE94 /* Pods-Lighthouse.release.xcconfig */;
			buildSettings = {
				ASSETCATALOG_COMPILER_APPICON_NAME = AppIcon;
				CODE_SIGN_ENTITLEMENTS = Lighthouse/Lighthouse.entitlements;
				CODE_SIGN_STYLE = Automatic;
				DEVELOPMENT_TEAM = ASRKL3D2BB;
				INFOPLIST_FILE = Lighthouse/Info.plist;
				IPHONEOS_DEPLOYMENT_TARGET = 11.4;
				LD_RUNPATH_SEARCH_PATHS = (
					"$(inherited)",
					"@executable_path/Frameworks",
				);
				PRODUCT_BUNDLE_IDENTIFIER = com.levilinchenko.lighthouse;
				PRODUCT_NAME = "$(TARGET_NAME)";
				SWIFT_VERSION = 4.2;
				TARGETED_DEVICE_FAMILY = 1;
			};
			name = Release;
		};
/* End XCBuildConfiguration section */

/* Begin XCConfigurationList section */
		3E36CAF121683DEA0023C5F0 /* Build configuration list for PBXProject ".Lighthouse" */ = {
			isa = XCConfigurationList;
			buildConfigurations = (
				3E36CB1021683DEB0023C5F0 /* Debug */,
				3E36CB1121683DEB0023C5F0 /* Release */,
			);
			defaultConfigurationIsVisible = 0;
			defaultConfigurationName = Release;
		};
		3E36CB1221683DEB0023C5F0 /* Build configuration list for PBXNativeTarget "Lighthouse" */ = {
			isa = XCConfigurationList;
			buildConfigurations = (
				3E36CB1321683DEB0023C5F0 /* Debug */,
				3E36CB1421683DEB0023C5F0 /* Release */,
			);
			defaultConfigurationIsVisible = 0;
			defaultConfigurationName = Release;
		};
/* End XCConfigurationList section */
	};
	rootObject = 3E36CAEE21683DEA0023C5F0 /* Project object */;
}
