// !$*UTF8*$!
{
	archiveVersion = 1;
	classes = {
	};
	objectVersion = 50;
	objects = {

/* Begin PBXBuildFile section */
		3E24CC59216FBF2F00BE957F /* Onboarding.storyboard in Resources */ = {isa = PBXBuildFile; fileRef = 3E24CC58216FBF2F00BE957F /* Onboarding.storyboard */; };
		3E24CC5B216FEF5B00BE957F /* Settings.storyboard in Resources */ = {isa = PBXBuildFile; fileRef = 3E24CC5A216FEF5B00BE957F /* Settings.storyboard */; };
		3E24CC5D216FFF4100BE957F /* OnboardingVC.swift in Sources */ = {isa = PBXBuildFile; fileRef = 3E24CC5C216FFF4100BE957F /* OnboardingVC.swift */; };
		3E28E866216BE6FB00E21331 /* MapKit.framework in Frameworks */ = {isa = PBXBuildFile; fileRef = 3E28E865216BE6FB00E21331 /* MapKit.framework */; };
		3E28E868216BF24400E21331 /* LoadingScreenVC.swift in Sources */ = {isa = PBXBuildFile; fileRef = 3E28E867216BF24400E21331 /* LoadingScreenVC.swift */; };
		3E28E86A216BF27000E21331 /* MapViewVC.swift in Sources */ = {isa = PBXBuildFile; fileRef = 3E28E869216BF27000E21331 /* MapViewVC.swift */; };
		3E28E86C216BF29B00E21331 /* UserController.swift in Sources */ = {isa = PBXBuildFile; fileRef = 3E28E86B216BF29B00E21331 /* UserController.swift */; };
		3E28E86E216BF2B300E21331 /* LocationController.swift in Sources */ = {isa = PBXBuildFile; fileRef = 3E28E86D216BF2B300E21331 /* LocationController.swift */; };
		3E28E870216C1F8400E21331 /* SignIn.storyboard in Resources */ = {isa = PBXBuildFile; fileRef = 3E28E86F216C1F8400E21331 /* SignIn.storyboard */; };
		3E28E8A2216D108500E21331 /* TabBarController.storyboard in Resources */ = {isa = PBXBuildFile; fileRef = 3E28E8A1216D108500E21331 /* TabBarController.storyboard */; };
		3E28E8A8216D1E2F00E21331 /* MapView.storyboard in Resources */ = {isa = PBXBuildFile; fileRef = 3E28E8A7216D1E2F00E21331 /* MapView.storyboard */; };
		3E28E8AA216D1E7000E21331 /* FriendsList.storyboard in Resources */ = {isa = PBXBuildFile; fileRef = 3E28E8A9216D1E7000E21331 /* FriendsList.storyboard */; };
		3E28E8AE216D20BE00E21331 /* SignUp.storyboard in Resources */ = {isa = PBXBuildFile; fileRef = 3E28E8AD216D20BE00E21331 /* SignUp.storyboard */; };
		3E32AEE8216D4EF500C889DF /* FriendsListVC.swift in Sources */ = {isa = PBXBuildFile; fileRef = 3E32AEE7216D4EF500C889DF /* FriendsListVC.swift */; };
		3E32AEEA216D4F2D00C889DF /* TabBarControllerViewController.swift in Sources */ = {isa = PBXBuildFile; fileRef = 3E32AEE9216D4F2D00C889DF /* TabBarControllerViewController.swift */; };
		3E32AEEE216D4F7300C889DF /* SignUpVC.swift in Sources */ = {isa = PBXBuildFile; fileRef = 3E32AEED216D4F7300C889DF /* SignUpVC.swift */; };
		3E32AEF1216D4FE900C889DF /* TrayTabVC.swift in Sources */ = {isa = PBXBuildFile; fileRef = 3E32AEF0216D4FE900C889DF /* TrayTabVC.swift */; };
		3E32AEF3216D501000C889DF /* FriendsTrayListVC.swift in Sources */ = {isa = PBXBuildFile; fileRef = 3E32AEF2216D501000C889DF /* FriendsTrayListVC.swift */; };
		3E32AEF5216D502600C889DF /* DropPinVC.swift in Sources */ = {isa = PBXBuildFile; fileRef = 3E32AEF4216D502600C889DF /* DropPinVC.swift */; };
		3E32AEF7216D524C00C889DF /* FriendsListTrayCell.swift in Sources */ = {isa = PBXBuildFile; fileRef = 3E32AEF6216D524C00C889DF /* FriendsListTrayCell.swift */; };
		3E5A1DD12170F63700170A9B /* TOSVC.swift in Sources */ = {isa = PBXBuildFile; fileRef = 3E5A1DD02170F63700170A9B /* TOSVC.swift */; };
		3E5A1DD32170F65400170A9B /* PPVC.swift in Sources */ = {isa = PBXBuildFile; fileRef = 3E5A1DD22170F65400170A9B /* PPVC.swift */; };
		3E5A1DD52170F69900170A9B /* SettingsVC.swift in Sources */ = {isa = PBXBuildFile; fileRef = 3E5A1DD42170F69900170A9B /* SettingsVC.swift */; };
		3E5A1DD72170F6C300170A9B /* AccountSettingsVC.swift in Sources */ = {isa = PBXBuildFile; fileRef = 3E5A1DD62170F6C300170A9B /* AccountSettingsVC.swift */; };
		3E5A1DD92170F70900170A9B /* ChangeEmailVC.swift in Sources */ = {isa = PBXBuildFile; fileRef = 3E5A1DD82170F70900170A9B /* ChangeEmailVC.swift */; };
		3E5A1DDB2170F71A00170A9B /* SignOutVC.swift in Sources */ = {isa = PBXBuildFile; fileRef = 3E5A1DDA2170F71A00170A9B /* SignOutVC.swift */; };
		3E5A1DDD2170F73E00170A9B /* ResetPasswordFromSettingsVC.swift in Sources */ = {isa = PBXBuildFile; fileRef = 3E5A1DDC2170F73E00170A9B /* ResetPasswordFromSettingsVC.swift */; };
		3E5A1DDF2170F75A00170A9B /* DeleteAccountVC.swift in Sources */ = {isa = PBXBuildFile; fileRef = 3E5A1DDE2170F75A00170A9B /* DeleteAccountVC.swift */; };
		3E5A1DE12170F7C900170A9B /* TermsOfService.storyboard in Resources */ = {isa = PBXBuildFile; fileRef = 3E5A1DE02170F7C900170A9B /* TermsOfService.storyboard */; };
		3E5A1DE42170F7EC00170A9B /* PrivacyPolicy.storyboard in Resources */ = {isa = PBXBuildFile; fileRef = 3E5A1DE32170F7EC00170A9B /* PrivacyPolicy.storyboard */; };
		3E5A1DEA2170F88F00170A9B /* AccountSettings.storyboard in Resources */ = {isa = PBXBuildFile; fileRef = 3E5A1DE92170F88F00170A9B /* AccountSettings.storyboard */; };
		3E5A1DED2170FB7D00170A9B /* ChangeEmail.storyboard in Resources */ = {isa = PBXBuildFile; fileRef = 3E5A1DEC2170FB7D00170A9B /* ChangeEmail.storyboard */; };
		3E5A1DEF2170FB9B00170A9B /* ResetPasswordFromSettings.storyboard in Resources */ = {isa = PBXBuildFile; fileRef = 3E5A1DEE2170FB9B00170A9B /* ResetPasswordFromSettings.storyboard */; };
		3E5A1DF12170FBB000170A9B /* SignOut.storyboard in Resources */ = {isa = PBXBuildFile; fileRef = 3E5A1DF02170FBB000170A9B /* SignOut.storyboard */; };
		3E5A1DF32170FBE500170A9B /* DeleteAccount.storyboard in Resources */ = {isa = PBXBuildFile; fileRef = 3E5A1DF22170FBE500170A9B /* DeleteAccount.storyboard */; };
		3E7B2B6D216D929500E4F0F1 /* ForgotPassword.storyboard in Resources */ = {isa = PBXBuildFile; fileRef = 3E7B2B6C216D929500E4F0F1 /* ForgotPassword.storyboard */; };
		3E7B2B70216D98F600E4F0F1 /* FoursquareAPIController.swift in Sources */ = {isa = PBXBuildFile; fileRef = 3E7B2B6F216D98F600E4F0F1 /* FoursquareAPIController.swift */; };
		3EA99144216BDC9E0001F09D /* AppDelegate.swift in Sources */ = {isa = PBXBuildFile; fileRef = 3EA99143216BDC9E0001F09D /* AppDelegate.swift */; };
		3EA99149216BDC9F0001F09D /* LaunchScreen.storyboard in Resources */ = {isa = PBXBuildFile; fileRef = 3EA99147216BDC9F0001F09D /* LaunchScreen.storyboard */; };
		3EA99152216BDF1B0001F09D /* Location.swift in Sources */ = {isa = PBXBuildFile; fileRef = 3EA99150216BDF1B0001F09D /* Location.swift */; };
		3EA99153216BDF1B0001F09D /* User.swift in Sources */ = {isa = PBXBuildFile; fileRef = 3EA99151216BDF1B0001F09D /* User.swift */; };
		3EA99157216BDF8D0001F09D /* LoadingScreen.storyboard in Resources */ = {isa = PBXBuildFile; fileRef = 3EA99154216BDF8D0001F09D /* LoadingScreen.storyboard */; };
		3EA99162216BE0200001F09D /* DateFormatter.swift in Sources */ = {isa = PBXBuildFile; fileRef = 3EA99161216BE0200001F09D /* DateFormatter.swift */; };
		3EA99164216BE0310001F09D /* GoogleService-Info.plist in Resources */ = {isa = PBXBuildFile; fileRef = 3EA99163216BE0310001F09D /* GoogleService-Info.plist */; };
		3EEC7504216EBAB8009572FB /* ForgotPasswordVC.swift in Sources */ = {isa = PBXBuildFile; fileRef = 3EEC7503216EBAB8009572FB /* ForgotPasswordVC.swift */; };
		3EEC7506216EBAE6009572FB /* SignInVC.swift in Sources */ = {isa = PBXBuildFile; fileRef = 3EEC7505216EBAE6009572FB /* SignInVC.swift */; };
		3EEC750A216EBF03009572FB /* Assets.xcassets in Resources */ = {isa = PBXBuildFile; fileRef = 3EEC7509216EBF03009572FB /* Assets.xcassets */; };
		3EEC750C216EC0FF009572FB /* UserProfile.storyboard in Resources */ = {isa = PBXBuildFile; fileRef = 3EEC750B216EC0FF009572FB /* UserProfile.storyboard */; };
		7E38CF35216FA450009D44DF /* Animations.swift in Sources */ = {isa = PBXBuildFile; fileRef = 7E38CF34216FA450009D44DF /* Animations.swift */; };
		7E8EC58B217133E600B0275A /* FriendController.swift in Sources */ = {isa = PBXBuildFile; fileRef = 7E8EC58A217133E600B0275A /* FriendController.swift */; };
		7E8EC58D217133F200B0275A /* Friend.swift in Sources */ = {isa = PBXBuildFile; fileRef = 7E8EC58C217133F200B0275A /* Friend.swift */; };
		7EEF84A9216E6DAF00558093 /* UserProfileTableVC.swift in Sources */ = {isa = PBXBuildFile; fileRef = 7EEF84A8216E6DAF00558093 /* UserProfileTableVC.swift */; };
		7EF9A479216C0D480064DC47 /* Constants.swift in Sources */ = {isa = PBXBuildFile; fileRef = 7EF9A478216C0D480064DC47 /* Constants.swift */; };
		7EF9A47B216C18FA0064DC47 /* AlertControllers.swift in Sources */ = {isa = PBXBuildFile; fileRef = 7EF9A47A216C18FA0064DC47 /* AlertControllers.swift */; };
		AF1A98AB8F326C9B496E245A /* Pods_Lighthouse.framework in Frameworks */ = {isa = PBXBuildFile; fileRef = 27D9275730042F1BCE1ABBCD /* Pods_Lighthouse.framework */; };
/* End PBXBuildFile section */

/* Begin PBXFileReference section */
		27D9275730042F1BCE1ABBCD /* Pods_Lighthouse.framework */ = {isa = PBXFileReference; explicitFileType = wrapper.framework; includeInIndex = 0; path = Pods_Lighthouse.framework; sourceTree = BUILT_PRODUCTS_DIR; };
		32F9928D5D301409ED91D92D /* Pods-Lighthouse.release.xcconfig */ = {isa = PBXFileReference; includeInIndex = 1; lastKnownFileType = text.xcconfig; name = "Pods-Lighthouse.release.xcconfig"; path = "Pods/Target Support Files/Pods-Lighthouse/Pods-Lighthouse.release.xcconfig"; sourceTree = "<group>"; };
		3E24CC58216FBF2F00BE957F /* Onboarding.storyboard */ = {isa = PBXFileReference; lastKnownFileType = file.storyboard; path = Onboarding.storyboard; sourceTree = "<group>"; };
		3E24CC5A216FEF5B00BE957F /* Settings.storyboard */ = {isa = PBXFileReference; lastKnownFileType = file.storyboard; path = Settings.storyboard; sourceTree = "<group>"; };
		3E24CC5C216FFF4100BE957F /* OnboardingVC.swift */ = {isa = PBXFileReference; lastKnownFileType = sourcecode.swift; path = OnboardingVC.swift; sourceTree = "<group>"; };
		3E28E865216BE6FB00E21331 /* MapKit.framework */ = {isa = PBXFileReference; lastKnownFileType = wrapper.framework; name = MapKit.framework; path = System/Library/Frameworks/MapKit.framework; sourceTree = SDKROOT; };
		3E28E867216BF24400E21331 /* LoadingScreenVC.swift */ = {isa = PBXFileReference; lastKnownFileType = sourcecode.swift; path = LoadingScreenVC.swift; sourceTree = "<group>"; };
		3E28E869216BF27000E21331 /* MapViewVC.swift */ = {isa = PBXFileReference; lastKnownFileType = sourcecode.swift; path = MapViewVC.swift; sourceTree = "<group>"; };
		3E28E86B216BF29B00E21331 /* UserController.swift */ = {isa = PBXFileReference; lastKnownFileType = sourcecode.swift; path = UserController.swift; sourceTree = "<group>"; };
		3E28E86D216BF2B300E21331 /* LocationController.swift */ = {isa = PBXFileReference; lastKnownFileType = sourcecode.swift; path = LocationController.swift; sourceTree = "<group>"; };
		3E28E86F216C1F8400E21331 /* SignIn.storyboard */ = {isa = PBXFileReference; lastKnownFileType = file.storyboard; path = SignIn.storyboard; sourceTree = "<group>"; };
		3E28E8A1216D108500E21331 /* TabBarController.storyboard */ = {isa = PBXFileReference; lastKnownFileType = file.storyboard; path = TabBarController.storyboard; sourceTree = "<group>"; };
		3E28E8A7216D1E2F00E21331 /* MapView.storyboard */ = {isa = PBXFileReference; fileEncoding = 4; lastKnownFileType = file.storyboard; path = MapView.storyboard; sourceTree = "<group>"; };
		3E28E8A9216D1E7000E21331 /* FriendsList.storyboard */ = {isa = PBXFileReference; fileEncoding = 4; lastKnownFileType = file.storyboard; path = FriendsList.storyboard; sourceTree = "<group>"; };
		3E28E8AD216D20BE00E21331 /* SignUp.storyboard */ = {isa = PBXFileReference; lastKnownFileType = file.storyboard; path = SignUp.storyboard; sourceTree = "<group>"; };
		3E32AEE7216D4EF500C889DF /* FriendsListVC.swift */ = {isa = PBXFileReference; lastKnownFileType = sourcecode.swift; path = FriendsListVC.swift; sourceTree = "<group>"; };
		3E32AEE9216D4F2D00C889DF /* TabBarControllerViewController.swift */ = {isa = PBXFileReference; lastKnownFileType = sourcecode.swift; path = TabBarControllerViewController.swift; sourceTree = "<group>"; };
		3E32AEED216D4F7300C889DF /* SignUpVC.swift */ = {isa = PBXFileReference; lastKnownFileType = sourcecode.swift; path = SignUpVC.swift; sourceTree = "<group>"; };
		3E32AEF0216D4FE900C889DF /* TrayTabVC.swift */ = {isa = PBXFileReference; lastKnownFileType = sourcecode.swift; path = TrayTabVC.swift; sourceTree = "<group>"; };
		3E32AEF2216D501000C889DF /* FriendsTrayListVC.swift */ = {isa = PBXFileReference; lastKnownFileType = sourcecode.swift; path = FriendsTrayListVC.swift; sourceTree = "<group>"; };
		3E32AEF4216D502600C889DF /* DropPinVC.swift */ = {isa = PBXFileReference; lastKnownFileType = sourcecode.swift; path = DropPinVC.swift; sourceTree = "<group>"; };
		3E32AEF6216D524C00C889DF /* FriendsListTrayCell.swift */ = {isa = PBXFileReference; lastKnownFileType = sourcecode.swift; path = FriendsListTrayCell.swift; sourceTree = "<group>"; };
		3E5A1DD02170F63700170A9B /* TOSVC.swift */ = {isa = PBXFileReference; lastKnownFileType = sourcecode.swift; path = TOSVC.swift; sourceTree = "<group>"; };
		3E5A1DD22170F65400170A9B /* PPVC.swift */ = {isa = PBXFileReference; lastKnownFileType = sourcecode.swift; path = PPVC.swift; sourceTree = "<group>"; };
		3E5A1DD42170F69900170A9B /* SettingsVC.swift */ = {isa = PBXFileReference; lastKnownFileType = sourcecode.swift; path = SettingsVC.swift; sourceTree = "<group>"; };
		3E5A1DD62170F6C300170A9B /* AccountSettingsVC.swift */ = {isa = PBXFileReference; lastKnownFileType = sourcecode.swift; path = AccountSettingsVC.swift; sourceTree = "<group>"; };
		3E5A1DD82170F70900170A9B /* ChangeEmailVC.swift */ = {isa = PBXFileReference; lastKnownFileType = sourcecode.swift; path = ChangeEmailVC.swift; sourceTree = "<group>"; };
		3E5A1DDA2170F71A00170A9B /* SignOutVC.swift */ = {isa = PBXFileReference; lastKnownFileType = sourcecode.swift; path = SignOutVC.swift; sourceTree = "<group>"; };
		3E5A1DDC2170F73E00170A9B /* ResetPasswordFromSettingsVC.swift */ = {isa = PBXFileReference; lastKnownFileType = sourcecode.swift; path = ResetPasswordFromSettingsVC.swift; sourceTree = "<group>"; };
		3E5A1DDE2170F75A00170A9B /* DeleteAccountVC.swift */ = {isa = PBXFileReference; lastKnownFileType = sourcecode.swift; path = DeleteAccountVC.swift; sourceTree = "<group>"; };
		3E5A1DE02170F7C900170A9B /* TermsOfService.storyboard */ = {isa = PBXFileReference; fileEncoding = 4; lastKnownFileType = file.storyboard; path = TermsOfService.storyboard; sourceTree = "<group>"; };
		3E5A1DE32170F7EC00170A9B /* PrivacyPolicy.storyboard */ = {isa = PBXFileReference; fileEncoding = 4; lastKnownFileType = file.storyboard; path = PrivacyPolicy.storyboard; sourceTree = "<group>"; };
		3E5A1DE92170F88F00170A9B /* AccountSettings.storyboard */ = {isa = PBXFileReference; fileEncoding = 4; lastKnownFileType = file.storyboard; path = AccountSettings.storyboard; sourceTree = "<group>"; };
		3E5A1DEC2170FB7D00170A9B /* ChangeEmail.storyboard */ = {isa = PBXFileReference; fileEncoding = 4; lastKnownFileType = file.storyboard; path = ChangeEmail.storyboard; sourceTree = "<group>"; };
		3E5A1DEE2170FB9B00170A9B /* ResetPasswordFromSettings.storyboard */ = {isa = PBXFileReference; fileEncoding = 4; lastKnownFileType = file.storyboard; path = ResetPasswordFromSettings.storyboard; sourceTree = "<group>"; };
		3E5A1DF02170FBB000170A9B /* SignOut.storyboard */ = {isa = PBXFileReference; fileEncoding = 4; lastKnownFileType = file.storyboard; path = SignOut.storyboard; sourceTree = "<group>"; };
		3E5A1DF22170FBE500170A9B /* DeleteAccount.storyboard */ = {isa = PBXFileReference; fileEncoding = 4; lastKnownFileType = file.storyboard; path = DeleteAccount.storyboard; sourceTree = "<group>"; };
		3E7B2B6C216D929500E4F0F1 /* ForgotPassword.storyboard */ = {isa = PBXFileReference; fileEncoding = 4; lastKnownFileType = file.storyboard; path = ForgotPassword.storyboard; sourceTree = "<group>"; };
		3E7B2B6F216D98F600E4F0F1 /* FoursquareAPIController.swift */ = {isa = PBXFileReference; lastKnownFileType = sourcecode.swift; path = FoursquareAPIController.swift; sourceTree = "<group>"; };
		3EA99131216BDC9E0001F09D /* Lighthouse.app */ = {isa = PBXFileReference; explicitFileType = wrapper.application; includeInIndex = 0; path = Lighthouse.app; sourceTree = BUILT_PRODUCTS_DIR; };
		3EA99143216BDC9E0001F09D /* AppDelegate.swift */ = {isa = PBXFileReference; lastKnownFileType = sourcecode.swift; path = AppDelegate.swift; sourceTree = "<group>"; };
		3EA99148216BDC9F0001F09D /* Base */ = {isa = PBXFileReference; lastKnownFileType = file.storyboard; name = Base; path = Base.lproj/LaunchScreen.storyboard; sourceTree = "<group>"; };
		3EA9914A216BDC9F0001F09D /* Info.plist */ = {isa = PBXFileReference; lastKnownFileType = text.plist.xml; path = Info.plist; sourceTree = "<group>"; };
		3EA99150216BDF1B0001F09D /* Location.swift */ = {isa = PBXFileReference; fileEncoding = 4; lastKnownFileType = sourcecode.swift; path = Location.swift; sourceTree = "<group>"; };
		3EA99151216BDF1B0001F09D /* User.swift */ = {isa = PBXFileReference; fileEncoding = 4; lastKnownFileType = sourcecode.swift; path = User.swift; sourceTree = "<group>"; };
		3EA99154216BDF8D0001F09D /* LoadingScreen.storyboard */ = {isa = PBXFileReference; fileEncoding = 4; lastKnownFileType = file.storyboard; path = LoadingScreen.storyboard; sourceTree = "<group>"; };
		3EA99161216BE0200001F09D /* DateFormatter.swift */ = {isa = PBXFileReference; fileEncoding = 4; lastKnownFileType = sourcecode.swift; path = DateFormatter.swift; sourceTree = "<group>"; };
		3EA99163216BE0310001F09D /* GoogleService-Info.plist */ = {isa = PBXFileReference; fileEncoding = 4; lastKnownFileType = text.plist.xml; path = "GoogleService-Info.plist"; sourceTree = "<group>"; };
		3EA9916A216BE0EC0001F09D /* Lighthouse.entitlements */ = {isa = PBXFileReference; lastKnownFileType = text.plist.entitlements; path = Lighthouse.entitlements; sourceTree = "<group>"; };
		3EEC7503216EBAB8009572FB /* ForgotPasswordVC.swift */ = {isa = PBXFileReference; fileEncoding = 4; lastKnownFileType = sourcecode.swift; path = ForgotPasswordVC.swift; sourceTree = "<group>"; };
		3EEC7505216EBAE6009572FB /* SignInVC.swift */ = {isa = PBXFileReference; fileEncoding = 4; lastKnownFileType = sourcecode.swift; path = SignInVC.swift; sourceTree = "<group>"; };
		3EEC7509216EBF03009572FB /* Assets.xcassets */ = {isa = PBXFileReference; lastKnownFileType = folder.assetcatalog; path = Assets.xcassets; sourceTree = "<group>"; };
		3EEC750B216EC0FF009572FB /* UserProfile.storyboard */ = {isa = PBXFileReference; fileEncoding = 4; lastKnownFileType = file.storyboard; path = UserProfile.storyboard; sourceTree = "<group>"; };
		7E38CF34216FA450009D44DF /* Animations.swift */ = {isa = PBXFileReference; lastKnownFileType = sourcecode.swift; path = Animations.swift; sourceTree = "<group>"; };
		7E8EC58A217133E600B0275A /* FriendController.swift */ = {isa = PBXFileReference; lastKnownFileType = sourcecode.swift; path = FriendController.swift; sourceTree = "<group>"; };
		7E8EC58C217133F200B0275A /* Friend.swift */ = {isa = PBXFileReference; lastKnownFileType = sourcecode.swift; path = Friend.swift; sourceTree = "<group>"; };
		7EEF84A8216E6DAF00558093 /* UserProfileTableVC.swift */ = {isa = PBXFileReference; lastKnownFileType = sourcecode.swift; path = UserProfileTableVC.swift; sourceTree = "<group>"; };
		7EF9A478216C0D480064DC47 /* Constants.swift */ = {isa = PBXFileReference; lastKnownFileType = sourcecode.swift; path = Constants.swift; sourceTree = "<group>"; };
		7EF9A47A216C18FA0064DC47 /* AlertControllers.swift */ = {isa = PBXFileReference; lastKnownFileType = sourcecode.swift; path = AlertControllers.swift; sourceTree = "<group>"; };
		C8AED16E9AFF336D11AA6353 /* Pods-Lighthouse.debug.xcconfig */ = {isa = PBXFileReference; includeInIndex = 1; lastKnownFileType = text.xcconfig; name = "Pods-Lighthouse.debug.xcconfig"; path = "Pods/Target Support Files/Pods-Lighthouse/Pods-Lighthouse.debug.xcconfig"; sourceTree = "<group>"; };
/* End PBXFileReference section */

/* Begin PBXFrameworksBuildPhase section */
		3EA9912E216BDC9E0001F09D /* Frameworks */ = {
			isa = PBXFrameworksBuildPhase;
			buildActionMask = 2147483647;
			files = (
				3E28E866216BE6FB00E21331 /* MapKit.framework in Frameworks */,
				AF1A98AB8F326C9B496E245A /* Pods_Lighthouse.framework in Frameworks */,
			);
			runOnlyForDeploymentPostprocessing = 0;
		};
/* End PBXFrameworksBuildPhase section */

/* Begin PBXGroup section */
		2862786D1C23847430417D4A /* Pods */ = {
			isa = PBXGroup;
			children = (
				C8AED16E9AFF336D11AA6353 /* Pods-Lighthouse.debug.xcconfig */,
				32F9928D5D301409ED91D92D /* Pods-Lighthouse.release.xcconfig */,
			);
			name = Pods;
			sourceTree = "<group>";
		};
		3E32AEEF216D4FB900C889DF /* Map View Drawer */ = {
			isa = PBXGroup;
			children = (
				3E32AEF0216D4FE900C889DF /* TrayTabVC.swift */,
				3E32AEF2216D501000C889DF /* FriendsTrayListVC.swift */,
				3E32AEF4216D502600C889DF /* DropPinVC.swift */,
			);
			name = "Map View Drawer";
			sourceTree = "<group>";
		};
		3E5A1DCF2170F61600170A9B /* Settings */ = {
			isa = PBXGroup;
			children = (
				3E5A1DD42170F69900170A9B /* SettingsVC.swift */,
				3E5A1DD02170F63700170A9B /* TOSVC.swift */,
				3E5A1DD22170F65400170A9B /* PPVC.swift */,
				3E5A1DD62170F6C300170A9B /* AccountSettingsVC.swift */,
				3E5A1DD82170F70900170A9B /* ChangeEmailVC.swift */,
				3E5A1DDA2170F71A00170A9B /* SignOutVC.swift */,
				3E5A1DDC2170F73E00170A9B /* ResetPasswordFromSettingsVC.swift */,
				3E5A1DDE2170F75A00170A9B /* DeleteAccountVC.swift */,
			);
			name = Settings;
			sourceTree = "<group>";
		};
		3E5A1DE22170F7D300170A9B /* Settings */ = {
			isa = PBXGroup;
			children = (
				3E24CC5A216FEF5B00BE957F /* Settings.storyboard */,
				3E5A1DE32170F7EC00170A9B /* PrivacyPolicy.storyboard */,
				3E5A1DE02170F7C900170A9B /* TermsOfService.storyboard */,
				3E5A1DEB2170F8A200170A9B /* Account Settings */,
			);
			name = Settings;
			sourceTree = "<group>";
		};
		3E5A1DEB2170F8A200170A9B /* Account Settings */ = {
			isa = PBXGroup;
			children = (
				3E5A1DE92170F88F00170A9B /* AccountSettings.storyboard */,
				3E5A1DF22170FBE500170A9B /* DeleteAccount.storyboard */,
				3E5A1DEC2170FB7D00170A9B /* ChangeEmail.storyboard */,
				3E5A1DF02170FBB000170A9B /* SignOut.storyboard */,
				3E5A1DEE2170FB9B00170A9B /* ResetPasswordFromSettings.storyboard */,
			);
			name = "Account Settings";
			sourceTree = "<group>";
		};
		3E7B2B6B216D8EC600E4F0F1 /* User */ = {
			isa = PBXGroup;
			children = (
				3E28E86F216C1F8400E21331 /* SignIn.storyboard */,
				3E28E8AD216D20BE00E21331 /* SignUp.storyboard */,
				3E7B2B6C216D929500E4F0F1 /* ForgotPassword.storyboard */,
				3EEC750B216EC0FF009572FB /* UserProfile.storyboard */,
			);
			name = User;
			sourceTree = "<group>";
		};
		3E7B2B6E216D98CF00E4F0F1 /* Services */ = {
			isa = PBXGroup;
			children = (
				3E7B2B6F216D98F600E4F0F1 /* FoursquareAPIController.swift */,
			);
			name = Services;
			sourceTree = "<group>";
		};
		3EA99128216BDC9E0001F09D = {
			isa = PBXGroup;
			children = (
				3EA99133216BDC9E0001F09D /* Lighthouse */,
				3EA99132216BDC9E0001F09D /* Products */,
				3EA99167216BE0E10001F09D /* Frameworks */,
				2862786D1C23847430417D4A /* Pods */,
			);
			sourceTree = "<group>";
			usesTabs = 0;
		};
		3EA99132216BDC9E0001F09D /* Products */ = {
			isa = PBXGroup;
			children = (
				3EA99131216BDC9E0001F09D /* Lighthouse.app */,
			);
			name = Products;
			sourceTree = "<group>";
		};
		3EA99133216BDC9E0001F09D /* Lighthouse */ = {
			isa = PBXGroup;
			children = (
				3EA9916A216BE0EC0001F09D /* Lighthouse.entitlements */,
				3EA99134216BDC9E0001F09D /* Models */,
				3EA99137216BDC9E0001F09D /* Controllers */,
				3EA9913E216BDC9E0001F09D /* Views */,
				3E7B2B6E216D98CF00E4F0F1 /* Services */,
				3EA99142216BDC9E0001F09D /* Resources */,
				3EA99160216BDFFE0001F09D /* Supporting Files */,
			);
			path = Lighthouse;
			sourceTree = "<group>";
		};
		3EA99134216BDC9E0001F09D /* Models */ = {
			isa = PBXGroup;
			children = (
				3EA99150216BDF1B0001F09D /* Location.swift */,
				3EA99151216BDF1B0001F09D /* User.swift */,
				7E8EC58C217133F200B0275A /* Friend.swift */,
			);
			name = Models;
			sourceTree = "<group>";
		};
		3EA99137216BDC9E0001F09D /* Controllers */ = {
			isa = PBXGroup;
			children = (
				3EA99138216BDC9E0001F09D /* Model Controllers */,
				3EA9913B216BDC9E0001F09D /* View Controllers */,
			);
			name = Controllers;
			sourceTree = "<group>";
		};
		3EA99138216BDC9E0001F09D /* Model Controllers */ = {
			isa = PBXGroup;
			children = (
				3E28E86B216BF29B00E21331 /* UserController.swift */,
				7E8EC58A217133E600B0275A /* FriendController.swift */,
				3E28E86D216BF2B300E21331 /* LocationController.swift */,
			);
			name = "Model Controllers";
			sourceTree = "<group>";
		};
		3EA9913B216BDC9E0001F09D /* View Controllers */ = {
			isa = PBXGroup;
			children = (
				3E28E867216BF24400E21331 /* LoadingScreenVC.swift */,
				3E24CC5C216FFF4100BE957F /* OnboardingVC.swift */,
				3E28E869216BF27000E21331 /* MapViewVC.swift */,
				3E32AEE7216D4EF500C889DF /* FriendsListVC.swift */,
				3E32AEE9216D4F2D00C889DF /* TabBarControllerViewController.swift */,
				3EEC7507216EBAFD009572FB /* User */,
				3E32AEEF216D4FB900C889DF /* Map View Drawer */,
			);
			name = "View Controllers";
			sourceTree = "<group>";
		};
		3EA9913E216BDC9E0001F09D /* Views */ = {
			isa = PBXGroup;
			children = (
				3EA9915C216BDFC00001F09D /* Storyboards */,
				3EA99165216BE03A0001F09D /* Custom Views */,
			);
			name = Views;
			sourceTree = "<group>";
		};
		3EA99142216BDC9E0001F09D /* Resources */ = {
			isa = PBXGroup;
			children = (
				3EEC7509216EBF03009572FB /* Assets.xcassets */,
				3EA9915F216BDFF60001F09D /* Helpers */,
				3EA9915E216BDFEC0001F09D /* Extensions */,
				3EA9915D216BDFE60001F09D /* Constants */,
			);
			name = Resources;
			sourceTree = "<group>";
		};
		3EA9915C216BDFC00001F09D /* Storyboards */ = {
			isa = PBXGroup;
			children = (
				3EA99147216BDC9F0001F09D /* LaunchScreen.storyboard */,
				3EA99154216BDF8D0001F09D /* LoadingScreen.storyboard */,
				3E24CC58216FBF2F00BE957F /* Onboarding.storyboard */,
				3E28E8A1216D108500E21331 /* TabBarController.storyboard */,
				3E28E8A9216D1E7000E21331 /* FriendsList.storyboard */,
				3E28E8A7216D1E2F00E21331 /* MapView.storyboard */,
				3E7B2B6B216D8EC600E4F0F1 /* User */,
				3E5A1DE22170F7D300170A9B /* Settings */,
			);
			name = Storyboards;
			sourceTree = "<group>";
		};
		3EA9915D216BDFE60001F09D /* Constants */ = {
			isa = PBXGroup;
			children = (
				7EF9A478216C0D480064DC47 /* Constants.swift */,
			);
			name = Constants;
			sourceTree = "<group>";
		};
		3EA9915E216BDFEC0001F09D /* Extensions */ = {
			isa = PBXGroup;
			children = (
				3EA99161216BE0200001F09D /* DateFormatter.swift */,
				7EF9A47A216C18FA0064DC47 /* AlertControllers.swift */,
				7E38CF34216FA450009D44DF /* Animations.swift */,
			);
			name = Extensions;
			sourceTree = "<group>";
		};
		3EA9915F216BDFF60001F09D /* Helpers */ = {
			isa = PBXGroup;
			children = (
			);
			name = Helpers;
			sourceTree = "<group>";
		};
		3EA99160216BDFFE0001F09D /* Supporting Files */ = {
			isa = PBXGroup;
			children = (
				3EA9914A216BDC9F0001F09D /* Info.plist */,
				3EA99163216BE0310001F09D /* GoogleService-Info.plist */,
				3EA99143216BDC9E0001F09D /* AppDelegate.swift */,
			);
			name = "Supporting Files";
			sourceTree = "<group>";
		};
		3EA99165216BE03A0001F09D /* Custom Views */ = {
			isa = PBXGroup;
			children = (
				3E32AEF6216D524C00C889DF /* FriendsListTrayCell.swift */,
			);
			name = "Custom Views";
			sourceTree = "<group>";
		};
		3EA99167216BE0E10001F09D /* Frameworks */ = {
			isa = PBXGroup;
			children = (
				3E28E865216BE6FB00E21331 /* MapKit.framework */,
				27D9275730042F1BCE1ABBCD /* Pods_Lighthouse.framework */,
			);
			name = Frameworks;
			sourceTree = "<group>";
		};
		3EEC7507216EBAFD009572FB /* User */ = {
			isa = PBXGroup;
			children = (
				3EEC7505216EBAE6009572FB /* SignInVC.swift */,
				3E32AEED216D4F7300C889DF /* SignUpVC.swift */,
				7EEF84A8216E6DAF00558093 /* UserProfileTableVC.swift */,
				3EEC7503216EBAB8009572FB /* ForgotPasswordVC.swift */,
				3E5A1DCF2170F61600170A9B /* Settings */,
			);
			name = User;
			sourceTree = "<group>";
		};
/* End PBXGroup section */

/* Begin PBXNativeTarget section */
		3EA99130216BDC9E0001F09D /* Lighthouse */ = {
			isa = PBXNativeTarget;
			buildConfigurationList = 3EA9914D216BDC9F0001F09D /* Build configuration list for PBXNativeTarget "Lighthouse" */;
			buildPhases = (
				19206A4C74512337DE210FD6 /* [CP] Check Pods Manifest.lock */,
				3EA9912D216BDC9E0001F09D /* Sources */,
				3EA9912E216BDC9E0001F09D /* Frameworks */,
				3EA9912F216BDC9E0001F09D /* Resources */,
				3EA99166216BE0B40001F09D /* Increment Build Number */,
				5AF79FB73AF39D543B4E8F16 /* [CP] Embed Pods Frameworks */,
			);
			buildRules = (
			);
			dependencies = (
			);
			name = Lighthouse;
			productName = Lighthouse;
			productReference = 3EA99131216BDC9E0001F09D /* Lighthouse.app */;
			productType = "com.apple.product-type.application";
		};
/* End PBXNativeTarget section */

/* Begin PBXProject section */
		3EA99129216BDC9E0001F09D /* Project object */ = {
			isa = PBXProject;
			attributes = {
				LastSwiftUpdateCheck = 1000;
				LastUpgradeCheck = 1000;
				ORGANIZATIONNAME = Lighthouse;
				TargetAttributes = {
					3EA99130216BDC9E0001F09D = {
						CreatedOnToolsVersion = 10.0;
						SystemCapabilities = {
							com.apple.BackgroundModes = {
								enabled = 1;
							};
							com.apple.InAppPurchase = {
								enabled = 0;
							};
							com.apple.Maps.iOS = {
								enabled = 1;
							};
							com.apple.Push = {
								enabled = 1;
							};
						};
					};
				};
			};
			buildConfigurationList = 3EA9912C216BDC9E0001F09D /* Build configuration list for PBXProject "Lighthouse" */;
			compatibilityVersion = "Xcode 9.3";
			developmentRegion = en;
			hasScannedForEncodings = 0;
			knownRegions = (
				en,
				Base,
			);
			mainGroup = 3EA99128216BDC9E0001F09D;
			productRefGroup = 3EA99132216BDC9E0001F09D /* Products */;
			projectDirPath = "";
			projectRoot = "";
			targets = (
				3EA99130216BDC9E0001F09D /* Lighthouse */,
			);
		};
/* End PBXProject section */

/* Begin PBXResourcesBuildPhase section */
		3EA9912F216BDC9E0001F09D /* Resources */ = {
			isa = PBXResourcesBuildPhase;
			buildActionMask = 2147483647;
			files = (
				3EA99149216BDC9F0001F09D /* LaunchScreen.storyboard in Resources */,
				3EA99157216BDF8D0001F09D /* LoadingScreen.storyboard in Resources */,
				3E5A1DE42170F7EC00170A9B /* PrivacyPolicy.storyboard in Resources */,
				3EEC750A216EBF03009572FB /* Assets.xcassets in Resources */,
				3E24CC59216FBF2F00BE957F /* Onboarding.storyboard in Resources */,
				3E28E8A2216D108500E21331 /* TabBarController.storyboard in Resources */,
				3E5A1DF12170FBB000170A9B /* SignOut.storyboard in Resources */,
				3E5A1DED2170FB7D00170A9B /* ChangeEmail.storyboard in Resources */,
				3E28E8A8216D1E2F00E21331 /* MapView.storyboard in Resources */,
				3E28E8AE216D20BE00E21331 /* SignUp.storyboard in Resources */,
				3E28E8AA216D1E7000E21331 /* FriendsList.storyboard in Resources */,
				3E28E870216C1F8400E21331 /* SignIn.storyboard in Resources */,
				3E5A1DE12170F7C900170A9B /* TermsOfService.storyboard in Resources */,
				3EA99164216BE0310001F09D /* GoogleService-Info.plist in Resources */,
				3EEC750C216EC0FF009572FB /* UserProfile.storyboard in Resources */,
				3E5A1DF32170FBE500170A9B /* DeleteAccount.storyboard in Resources */,
				3E24CC5B216FEF5B00BE957F /* Settings.storyboard in Resources */,
				3E7B2B6D216D929500E4F0F1 /* ForgotPassword.storyboard in Resources */,
				3E5A1DEF2170FB9B00170A9B /* ResetPasswordFromSettings.storyboard in Resources */,
				3E5A1DEA2170F88F00170A9B /* AccountSettings.storyboard in Resources */,
			);
			runOnlyForDeploymentPostprocessing = 0;
		};
/* End PBXResourcesBuildPhase section */

/* Begin PBXShellScriptBuildPhase section */
		19206A4C74512337DE210FD6 /* [CP] Check Pods Manifest.lock */ = {
			isa = PBXShellScriptBuildPhase;
			buildActionMask = 2147483647;
			files = (
			);
			inputFileListPaths = (
			);
			inputPaths = (
				"${PODS_PODFILE_DIR_PATH}/Podfile.lock",
				"${PODS_ROOT}/Manifest.lock",
			);
			name = "[CP] Check Pods Manifest.lock";
			outputFileListPaths = (
			);
			outputPaths = (
				"$(DERIVED_FILE_DIR)/Pods-Lighthouse-checkManifestLockResult.txt",
			);
			runOnlyForDeploymentPostprocessing = 0;
			shellPath = /bin/sh;
			shellScript = "diff \"${PODS_PODFILE_DIR_PATH}/Podfile.lock\" \"${PODS_ROOT}/Manifest.lock\" > /dev/null\nif [ $? != 0 ] ; then\n    # print error to STDERR\n    echo \"error: The sandbox is not in sync with the Podfile.lock. Run 'pod install' or update your CocoaPods installation.\" >&2\n    exit 1\nfi\n# This output is used by Xcode 'outputs' to avoid re-running this script phase.\necho \"SUCCESS\" > \"${SCRIPT_OUTPUT_FILE_0}\"\n";
			showEnvVarsInLog = 0;
		};
		3EA99166216BE0B40001F09D /* Increment Build Number */ = {
			isa = PBXShellScriptBuildPhase;
			buildActionMask = 2147483647;
			files = (
			);
			inputFileListPaths = (
			);
			inputPaths = (
			);
			name = "Increment Build Number";
			outputFileListPaths = (
			);
			outputPaths = (
			);
			runOnlyForDeploymentPostprocessing = 0;
			shellPath = /bin/sh;
			shellScript = "buildNumber=$(/usr/libexec/PlistBuddy -c \"Print CFBundleVersion\" \"$INFOPLIST_FILE\")\nbuildNumber=$(($buildNumber + 1))\n/usr/libexec/PlistBuddy -c \"Set :CFBundleVersion $buildNumber\" \"$INFOPLIST_FILE\"\n";
		};
		5AF79FB73AF39D543B4E8F16 /* [CP] Embed Pods Frameworks */ = {
			isa = PBXShellScriptBuildPhase;
			buildActionMask = 2147483647;
			files = (
			);
			inputFileListPaths = (
			);
			inputPaths = (
				"${SRCROOT}/Pods/Target Support Files/Pods-Lighthouse/Pods-Lighthouse-frameworks.sh",
				"${BUILT_PRODUCTS_DIR}/BoringSSL/openssl.framework",
				"${BUILT_PRODUCTS_DIR}/FoursquareAPIClient/FoursquareAPIClient.framework",
				"${BUILT_PRODUCTS_DIR}/GTMSessionFetcher/GTMSessionFetcher.framework",
				"${BUILT_PRODUCTS_DIR}/GoogleUtilities/GoogleUtilities.framework",
				"${BUILT_PRODUCTS_DIR}/Protobuf/Protobuf.framework",
				"${BUILT_PRODUCTS_DIR}/gRPC/GRPCClient.framework",
				"${BUILT_PRODUCTS_DIR}/gRPC-C++/grpcpp.framework",
				"${BUILT_PRODUCTS_DIR}/gRPC-Core/grpc.framework",
				"${BUILT_PRODUCTS_DIR}/gRPC-ProtoRPC/ProtoRPC.framework",
				"${BUILT_PRODUCTS_DIR}/gRPC-RxLibrary/RxLibrary.framework",
				"${BUILT_PRODUCTS_DIR}/leveldb-library/leveldb.framework",
				"${BUILT_PRODUCTS_DIR}/nanopb/nanopb.framework",
			);
			name = "[CP] Embed Pods Frameworks";
			outputFileListPaths = (
			);
			outputPaths = (
				"${TARGET_BUILD_DIR}/${FRAMEWORKS_FOLDER_PATH}/openssl.framework",
				"${TARGET_BUILD_DIR}/${FRAMEWORKS_FOLDER_PATH}/FoursquareAPIClient.framework",
				"${TARGET_BUILD_DIR}/${FRAMEWORKS_FOLDER_PATH}/GTMSessionFetcher.framework",
				"${TARGET_BUILD_DIR}/${FRAMEWORKS_FOLDER_PATH}/GoogleUtilities.framework",
				"${TARGET_BUILD_DIR}/${FRAMEWORKS_FOLDER_PATH}/Protobuf.framework",
				"${TARGET_BUILD_DIR}/${FRAMEWORKS_FOLDER_PATH}/GRPCClient.framework",
				"${TARGET_BUILD_DIR}/${FRAMEWORKS_FOLDER_PATH}/grpcpp.framework",
				"${TARGET_BUILD_DIR}/${FRAMEWORKS_FOLDER_PATH}/grpc.framework",
				"${TARGET_BUILD_DIR}/${FRAMEWORKS_FOLDER_PATH}/ProtoRPC.framework",
				"${TARGET_BUILD_DIR}/${FRAMEWORKS_FOLDER_PATH}/RxLibrary.framework",
				"${TARGET_BUILD_DIR}/${FRAMEWORKS_FOLDER_PATH}/leveldb.framework",
				"${TARGET_BUILD_DIR}/${FRAMEWORKS_FOLDER_PATH}/nanopb.framework",
			);
			runOnlyForDeploymentPostprocessing = 0;
			shellPath = /bin/sh;
			shellScript = "\"${SRCROOT}/Pods/Target Support Files/Pods-Lighthouse/Pods-Lighthouse-frameworks.sh\"\n";
			showEnvVarsInLog = 0;
		};
/* End PBXShellScriptBuildPhase section */

/* Begin PBXSourcesBuildPhase section */
		3EA9912D216BDC9E0001F09D /* Sources */ = {
			isa = PBXSourcesBuildPhase;
			buildActionMask = 2147483647;
			files = (
				3E28E86E216BF2B300E21331 /* LocationController.swift in Sources */,
				3E32AEF5216D502600C889DF /* DropPinVC.swift in Sources */,
				3E32AEF3216D501000C889DF /* FriendsTrayListVC.swift in Sources */,
				3E5A1DD32170F65400170A9B /* PPVC.swift in Sources */,
				3E5A1DDF2170F75A00170A9B /* DeleteAccountVC.swift in Sources */,
				3EA99162216BE0200001F09D /* DateFormatter.swift in Sources */,
				3E24CC5D216FFF4100BE957F /* OnboardingVC.swift in Sources */,
				3EA99152216BDF1B0001F09D /* Location.swift in Sources */,
				3E7B2B70216D98F600E4F0F1 /* FoursquareAPIController.swift in Sources */,
				3E28E868216BF24400E21331 /* LoadingScreenVC.swift in Sources */,
				3E5A1DD92170F70900170A9B /* ChangeEmailVC.swift in Sources */,
				3EA99144216BDC9E0001F09D /* AppDelegate.swift in Sources */,
				3E32AEE8216D4EF500C889DF /* FriendsListVC.swift in Sources */,
				7E8EC58B217133E600B0275A /* FriendController.swift in Sources */,
				3E28E86C216BF29B00E21331 /* UserController.swift in Sources */,
				7EF9A47B216C18FA0064DC47 /* AlertControllers.swift in Sources */,
				3E5A1DDD2170F73E00170A9B /* ResetPasswordFromSettingsVC.swift in Sources */,
				3E5A1DD52170F69900170A9B /* SettingsVC.swift in Sources */,
				3E32AEF1216D4FE900C889DF /* TrayTabVC.swift in Sources */,
				3E5A1DD12170F63700170A9B /* TOSVC.swift in Sources */,
				3E28E86A216BF27000E21331 /* MapViewVC.swift in Sources */,
				7E8EC58D217133F200B0275A /* Friend.swift in Sources */,
				3EEC7504216EBAB8009572FB /* ForgotPasswordVC.swift in Sources */,
				3EEC7506216EBAE6009572FB /* SignInVC.swift in Sources */,
				3E32AEEA216D4F2D00C889DF /* TabBarControllerViewController.swift in Sources */,
				3EA99153216BDF1B0001F09D /* User.swift in Sources */,
				3E32AEEE216D4F7300C889DF /* SignUpVC.swift in Sources */,
				7EEF84A9216E6DAF00558093 /* UserProfileTableVC.swift in Sources */,
				3E32AEF7216D524C00C889DF /* FriendsListTrayCell.swift in Sources */,
				3E5A1DD72170F6C300170A9B /* AccountSettingsVC.swift in Sources */,
				7E38CF35216FA450009D44DF /* Animations.swift in Sources */,
				3E5A1DDB2170F71A00170A9B /* SignOutVC.swift in Sources */,
				7EF9A479216C0D480064DC47 /* Constants.swift in Sources */,
			);
			runOnlyForDeploymentPostprocessing = 0;
		};
/* End PBXSourcesBuildPhase section */

/* Begin PBXVariantGroup section */
		3EA99147216BDC9F0001F09D /* LaunchScreen.storyboard */ = {
			isa = PBXVariantGroup;
			children = (
				3EA99148216BDC9F0001F09D /* Base */,
			);
			name = LaunchScreen.storyboard;
			sourceTree = "<group>";
		};
/* End PBXVariantGroup section */

/* Begin XCBuildConfiguration section */
		3EA9914B216BDC9F0001F09D /* Debug */ = {
			isa = XCBuildConfiguration;
			buildSettings = {
				ALWAYS_SEARCH_USER_PATHS = NO;
				CLANG_ANALYZER_NONNULL = YES;
				CLANG_ANALYZER_NUMBER_OBJECT_CONVERSION = YES_AGGRESSIVE;
				CLANG_CXX_LANGUAGE_STANDARD = "gnu++14";
				CLANG_CXX_LIBRARY = "libc++";
				CLANG_ENABLE_MODULES = YES;
				CLANG_ENABLE_OBJC_ARC = YES;
				CLANG_ENABLE_OBJC_WEAK = YES;
				CLANG_WARN_BLOCK_CAPTURE_AUTORELEASING = YES;
				CLANG_WARN_BOOL_CONVERSION = YES;
				CLANG_WARN_COMMA = YES;
				CLANG_WARN_CONSTANT_CONVERSION = YES;
				CLANG_WARN_DEPRECATED_OBJC_IMPLEMENTATIONS = YES;
				CLANG_WARN_DIRECT_OBJC_ISA_USAGE = YES_ERROR;
				CLANG_WARN_DOCUMENTATION_COMMENTS = YES;
				CLANG_WARN_EMPTY_BODY = YES;
				CLANG_WARN_ENUM_CONVERSION = YES;
				CLANG_WARN_INFINITE_RECURSION = YES;
				CLANG_WARN_INT_CONVERSION = YES;
				CLANG_WARN_NON_LITERAL_NULL_CONVERSION = YES;
				CLANG_WARN_OBJC_IMPLICIT_RETAIN_SELF = YES;
				CLANG_WARN_OBJC_LITERAL_CONVERSION = YES;
				CLANG_WARN_OBJC_ROOT_CLASS = YES_ERROR;
				CLANG_WARN_RANGE_LOOP_ANALYSIS = YES;
				CLANG_WARN_STRICT_PROTOTYPES = YES;
				CLANG_WARN_SUSPICIOUS_MOVE = YES;
				CLANG_WARN_UNGUARDED_AVAILABILITY = YES_AGGRESSIVE;
				CLANG_WARN_UNREACHABLE_CODE = YES;
				CLANG_WARN__DUPLICATE_METHOD_MATCH = YES;
				CODE_SIGN_IDENTITY = "iPhone Developer";
				COPY_PHASE_STRIP = NO;
				DEBUG_INFORMATION_FORMAT = dwarf;
				ENABLE_STRICT_OBJC_MSGSEND = YES;
				ENABLE_TESTABILITY = YES;
				GCC_C_LANGUAGE_STANDARD = gnu11;
				GCC_DYNAMIC_NO_PIC = NO;
				GCC_NO_COMMON_BLOCKS = YES;
				GCC_OPTIMIZATION_LEVEL = 0;
				GCC_PREPROCESSOR_DEFINITIONS = (
					"DEBUG=1",
					"$(inherited)",
				);
				GCC_WARN_64_TO_32_BIT_CONVERSION = YES;
				GCC_WARN_ABOUT_RETURN_TYPE = YES_ERROR;
				GCC_WARN_UNDECLARED_SELECTOR = YES;
				GCC_WARN_UNINITIALIZED_AUTOS = YES_AGGRESSIVE;
				GCC_WARN_UNUSED_FUNCTION = YES;
				GCC_WARN_UNUSED_VARIABLE = YES;
				IPHONEOS_DEPLOYMENT_TARGET = 12.0;
				MTL_ENABLE_DEBUG_INFO = INCLUDE_SOURCE;
				MTL_FAST_MATH = YES;
				ONLY_ACTIVE_ARCH = YES;
				SDKROOT = iphoneos;
				SWIFT_ACTIVE_COMPILATION_CONDITIONS = DEBUG;
				SWIFT_OPTIMIZATION_LEVEL = "-Onone";
			};
			name = Debug;
		};
		3EA9914C216BDC9F0001F09D /* Release */ = {
			isa = XCBuildConfiguration;
			buildSettings = {
				ALWAYS_SEARCH_USER_PATHS = NO;
				CLANG_ANALYZER_NONNULL = YES;
				CLANG_ANALYZER_NUMBER_OBJECT_CONVERSION = YES_AGGRESSIVE;
				CLANG_CXX_LANGUAGE_STANDARD = "gnu++14";
				CLANG_CXX_LIBRARY = "libc++";
				CLANG_ENABLE_MODULES = YES;
				CLANG_ENABLE_OBJC_ARC = YES;
				CLANG_ENABLE_OBJC_WEAK = YES;
				CLANG_WARN_BLOCK_CAPTURE_AUTORELEASING = YES;
				CLANG_WARN_BOOL_CONVERSION = YES;
				CLANG_WARN_COMMA = YES;
				CLANG_WARN_CONSTANT_CONVERSION = YES;
				CLANG_WARN_DEPRECATED_OBJC_IMPLEMENTATIONS = YES;
				CLANG_WARN_DIRECT_OBJC_ISA_USAGE = YES_ERROR;
				CLANG_WARN_DOCUMENTATION_COMMENTS = YES;
				CLANG_WARN_EMPTY_BODY = YES;
				CLANG_WARN_ENUM_CONVERSION = YES;
				CLANG_WARN_INFINITE_RECURSION = YES;
				CLANG_WARN_INT_CONVERSION = YES;
				CLANG_WARN_NON_LITERAL_NULL_CONVERSION = YES;
				CLANG_WARN_OBJC_IMPLICIT_RETAIN_SELF = YES;
				CLANG_WARN_OBJC_LITERAL_CONVERSION = YES;
				CLANG_WARN_OBJC_ROOT_CLASS = YES_ERROR;
				CLANG_WARN_RANGE_LOOP_ANALYSIS = YES;
				CLANG_WARN_STRICT_PROTOTYPES = YES;
				CLANG_WARN_SUSPICIOUS_MOVE = YES;
				CLANG_WARN_UNGUARDED_AVAILABILITY = YES_AGGRESSIVE;
				CLANG_WARN_UNREACHABLE_CODE = YES;
				CLANG_WARN__DUPLICATE_METHOD_MATCH = YES;
				CODE_SIGN_IDENTITY = "iPhone Developer";
				COPY_PHASE_STRIP = NO;
				DEBUG_INFORMATION_FORMAT = "dwarf-with-dsym";
				ENABLE_NS_ASSERTIONS = NO;
				ENABLE_STRICT_OBJC_MSGSEND = YES;
				GCC_C_LANGUAGE_STANDARD = gnu11;
				GCC_NO_COMMON_BLOCKS = YES;
				GCC_WARN_64_TO_32_BIT_CONVERSION = YES;
				GCC_WARN_ABOUT_RETURN_TYPE = YES_ERROR;
				GCC_WARN_UNDECLARED_SELECTOR = YES;
				GCC_WARN_UNINITIALIZED_AUTOS = YES_AGGRESSIVE;
				GCC_WARN_UNUSED_FUNCTION = YES;
				GCC_WARN_UNUSED_VARIABLE = YES;
				IPHONEOS_DEPLOYMENT_TARGET = 12.0;
				MTL_ENABLE_DEBUG_INFO = NO;
				MTL_FAST_MATH = YES;
				SDKROOT = iphoneos;
				SWIFT_COMPILATION_MODE = wholemodule;
				SWIFT_OPTIMIZATION_LEVEL = "-O";
				VALIDATE_PRODUCT = YES;
			};
			name = Release;
		};
		3EA9914E216BDC9F0001F09D /* Debug */ = {
			isa = XCBuildConfiguration;
			baseConfigurationReference = C8AED16E9AFF336D11AA6353 /* Pods-Lighthouse.debug.xcconfig */;
			buildSettings = {
				ASSETCATALOG_COMPILER_APPICON_NAME = AppIcon;
				CODE_SIGN_ENTITLEMENTS = Lighthouse/Lighthouse.entitlements;
				CODE_SIGN_STYLE = Automatic;
				DEVELOPMENT_TEAM = CYZA2EE6W8;
				INFOPLIST_FILE = Lighthouse/Info.plist;
				IPHONEOS_DEPLOYMENT_TARGET = 11.4;
				LD_RUNPATH_SEARCH_PATHS = (
					"$(inherited)",
					"@executable_path/Frameworks",
				);
				PRODUCT_BUNDLE_IDENTIFIER = io.owenhenley.Lighthouse;
				PRODUCT_NAME = "$(TARGET_NAME)";
				SWIFT_VERSION = 4.2;
				TARGETED_DEVICE_FAMILY = 1;
			};
			name = Debug;
		};
		3EA9914F216BDC9F0001F09D /* Release */ = {
			isa = XCBuildConfiguration;
			baseConfigurationReference = 32F9928D5D301409ED91D92D /* Pods-Lighthouse.release.xcconfig */;
			buildSettings = {
				ASSETCATALOG_COMPILER_APPICON_NAME = AppIcon;
				CODE_SIGN_ENTITLEMENTS = Lighthouse/Lighthouse.entitlements;
				CODE_SIGN_STYLE = Automatic;
				DEVELOPMENT_TEAM = CYZA2EE6W8;
				INFOPLIST_FILE = Lighthouse/Info.plist;
				IPHONEOS_DEPLOYMENT_TARGET = 11.4;
				LD_RUNPATH_SEARCH_PATHS = (
					"$(inherited)",
					"@executable_path/Frameworks",
				);
				PRODUCT_BUNDLE_IDENTIFIER = io.owenhenley.Lighthouse;
				PRODUCT_NAME = "$(TARGET_NAME)";
				SWIFT_VERSION = 4.2;
				TARGETED_DEVICE_FAMILY = 1;
			};
			name = Release;
		};
/* End XCBuildConfiguration section */

/* Begin XCConfigurationList section */
		3EA9912C216BDC9E0001F09D /* Build configuration list for PBXProject "Lighthouse" */ = {
			isa = XCConfigurationList;
			buildConfigurations = (
				3EA9914B216BDC9F0001F09D /* Debug */,
				3EA9914C216BDC9F0001F09D /* Release */,
			);
			defaultConfigurationIsVisible = 0;
			defaultConfigurationName = Release;
		};
		3EA9914D216BDC9F0001F09D /* Build configuration list for PBXNativeTarget "Lighthouse" */ = {
			isa = XCConfigurationList;
			buildConfigurations = (
				3EA9914E216BDC9F0001F09D /* Debug */,
				3EA9914F216BDC9F0001F09D /* Release */,
			);
			defaultConfigurationIsVisible = 0;
			defaultConfigurationName = Release;
		};
/* End XCConfigurationList section */
	};
	rootObject = 3EA99129216BDC9E0001F09D /* Project object */;
}
